
Microsoft Visual Studio Solution File, Format Version 12.00
# Visual Studio 15
VisualStudioVersion = 15.0.28010.2041
MinimumVisualStudioVersion = 10.0.40219.1
Project("{FAE04EC0-301F-11D3-BF4B-00C04F79EFBC}") = "PROYECTO WEB", "PROYECTO WEB\PROYECTO WEB.csproj", "{505B08E8-6C32-4284-8357-ECACB8D7F392}"
EndProject
Global
	GlobalSection(SolutionConfigurationPlatforms) = preSolution
		Debug|Any CPU = Debug|Any CPU
		Release|Any CPU = Release|Any CPU
	EndGlobalSection
	GlobalSection(ProjectConfigurationPlatforms) = postSolution
		{505B08E8-6C32-4284-8357-ECACB8D7F392}.Debug|Any CPU.ActiveCfg = Debug|Any CPU
		{505B08E8-6C32-4284-8357-ECACB8D7F392}.Debug|Any CPU.Build.0 = Debug|Any CPU
		{505B08E8-6C32-4284-8357-ECACB8D7F392}.Release|Any CPU.ActiveCfg = Release|Any CPU
		{505B08E8-6C32-4284-8357-ECACB8D7F392}.Release|Any CPU.Build.0 = Release|Any CPU
	EndGlobalSection
	GlobalSection(SolutionProperties) = preSolution
		HideSolutionNode = FALSE
	EndGlobalSection
	GlobalSection(ExtensibilityGlobals) = postSolution
		SolutionGuid = {915CB609-60D0-4A31-9CF7-22DBE3C3BC27}
	EndGlobalSection
EndGlobal
